
Microsoft Visual Studio Solution File, Format Version 12.00
# Visual Studio Version 17
VisualStudioVersion = 17.1.32407.343
MinimumVisualStudioVersion = 10.0.40219.1
Project("{8BC9CEB8-8B4A-11D0-8D11-00A0C91BC942}") = "MatrixMultiplication", "MatrixMultiplication\MatrixMultiplication.vcxproj", "{31747C9B-A60A-4BA5-B767-C0E4E1985134}"
EndProject
Global
	GlobalSection(SolutionConfigurationPlatforms) = preSolution
		Debug|x64 = Debug|x64
		Debug|x86 = Debug|x86
		Release|x64 = Release|x64
		Release|x86 = Release|x86
	EndGlobalSection
	GlobalSection(ProjectConfigurationPlatforms) = postSolution
		{31747C9B-A60A-4BA5-B767-C0E4E1985134}.Debug|x64.ActiveCfg = Debug|x64
		{31747C9B-A60A-4BA5-B767-C0E4E1985134}.Debug|x64.Build.0 = Debug|x64
		{31747C9B-A60A-4BA5-B767-C0E4E1985134}.Debug|x86.ActiveCfg = Debug|Win32
		{31747C9B-A60A-4BA5-B767-C0E4E1985134}.Debug|x86.Build.0 = Debug|Win32
		{31747C9B-A60A-4BA5-B767-C0E4E1985134}.Release|x64.ActiveCfg = Release|x64
		{31747C9B-A60A-4BA5-B767-C0E4E1985134}.Release|x64.Build.0 = Release|x64
		{31747C9B-A60A-4BA5-B767-C0E4E1985134}.Release|x86.ActiveCfg = Release|Win32
		{31747C9B-A60A-4BA5-B767-C0E4E1985134}.Release|x86.Build.0 = Release|Win32
	EndGlobalSection
	GlobalSection(SolutionProperties) = preSolution
		HideSolutionNode = FALSE
	EndGlobalSection
	GlobalSection(ExtensibilityGlobals) = postSolution
		SolutionGuid = {6C57B794-73DA-4BB7-8460-77DFBC7ACC0C}
	EndGlobalSection
EndGlobal
